# Generated by buf. DO NOT EDIT.
version: v1
deps:
  - remote: buf.build
    owner: cosmos
    repository: cosmos-proto
    commit: 1935555c206d4afb9e94615dfd0fad31
  - remote: buf.build
    owner: cosmos
    repository: cosmos-sdk
    commit: 233f8f38503f47ada7a7eca116b84303
  - remote: buf.build
    owner: cosmos
    repository: gogo-proto
    commit: bee5511075b7499da6178d9e4aaa628b
  - remote: buf.build
    owner: gnad13
    repository: ibc-go
    commit: 73c8b67aa5d04c539f917aeaf831edc3
  - remote: buf.build
    owner: gnad13
    repository: proofs
    commit: 8f8f6fe3489249c98fe63a7d11ad0a8b
  - remote: buf.build
    owner: googleapis
    repository: googleapis
    commit: 80720a488c9a414bb8d4a9f811084989
